
Microsoft Visual Studio Solution File, Format Version 12.00
# Visual Studio Version 17
VisualStudioVersion = 17.9.34902.65
MinimumVisualStudioVersion = 10.0.40219.1
Project("{FAE04EC0-301F-11D3-BF4B-00C04F79EFBC}") = "DockerAPI", "DockerAPI\DockerAPI.csproj", "{81C905B7-949F-40A4-8178-529C7148AB93}"
EndProject
Global
	GlobalSection(SolutionConfigurationPlatforms) = preSolution
		Debug|Any CPU = Debug|Any CPU
		Release|Any CPU = Release|Any CPU
	EndGlobalSection
	GlobalSection(ProjectConfigurationPlatforms) = postSolution
		{81C905B7-949F-40A4-8178-529C7148AB93}.Debug|Any CPU.ActiveCfg = Debug|Any CPU
		{81C905B7-949F-40A4-8178-529C7148AB93}.Debug|Any CPU.Build.0 = Debug|Any CPU
		{81C905B7-949F-40A4-8178-529C7148AB93}.Release|Any CPU.ActiveCfg = Release|Any CPU
		{81C905B7-949F-40A4-8178-529C7148AB93}.Release|Any CPU.Build.0 = Release|Any CPU
	EndGlobalSection
	GlobalSection(SolutionProperties) = preSolution
		HideSolutionNode = FALSE
	EndGlobalSection
	GlobalSection(ExtensibilityGlobals) = postSolution
		SolutionGuid = {0C8B09CB-5CCA-443B-9504-A99FF75F4A4D}
	EndGlobalSection
EndGlobal
